	<Project xmlns="http://schemas.microsoft.com/developer/msbuild/2003">
		<PropertyGroup>
			<ProjectGuid>{59923139-AEF9-4C0E-AFA7-A06BB3CC1E4B}</ProjectGuid>
			<ProjectVersion>12.0</ProjectVersion>
			<MainSource>RESTfulDemoCRUD.dpr</MainSource>
			<Config Condition="'$(Config)'==''">Debug</Config>
			<DCC_DCCCompiler>DCC32</DCC_DCCCompiler>
		</PropertyGroup>
		<PropertyGroup Condition="'$(Config)'=='Base' or '$(Base)'!=''">
			<Base>true</Base>
		</PropertyGroup>
		<PropertyGroup Condition="'$(Config)'=='Release' or '$(Cfg_1)'!=''">
			<Cfg_1>true</Cfg_1>
			<CfgParent>Base</CfgParent>
			<Base>true</Base>
		</PropertyGroup>
		<PropertyGroup Condition="'$(Config)'=='Debug' or '$(Cfg_2)'!=''">
			<Cfg_2>true</Cfg_2>
			<CfgParent>Base</CfgParent>
			<Base>true</Base>
		</PropertyGroup>
		<PropertyGroup Condition="'$(Base)'!=''">
			<DCC_Define>DARAJA_LOGGING;$(DCC_Define)</DCC_Define>
			<DCC_UnitSearchPath>..\..\src\main;..\common;..\..\..\slf4p\src\main;..\..\..\daraja-framework\source;$(DCC_UnitSearchPath)</DCC_UnitSearchPath>
			<DCC_UnitAlias>WinTypes=Windows;WinProcs=Windows;DbiTypes=BDE;DbiProcs=BDE;DbiErrs=BDE;$(DCC_UnitAlias)</DCC_UnitAlias>
			<DCC_DependencyCheckOutputName>RESTfulDemoCRUD.exe</DCC_DependencyCheckOutputName>
			<DCC_ImageBase>00400000</DCC_ImageBase>
			<DCC_Platform>x86</DCC_Platform>
		</PropertyGroup>
		<PropertyGroup Condition="'$(Cfg_1)'!=''">
			<DCC_LocalDebugSymbols>false</DCC_LocalDebugSymbols>
			<DCC_Define>RELEASE;$(DCC_Define)</DCC_Define>
			<DCC_SymbolReferenceInfo>0</DCC_SymbolReferenceInfo>
			<DCC_DebugInformation>false</DCC_DebugInformation>
		</PropertyGroup>
		<PropertyGroup Condition="'$(Cfg_2)'!=''">
			<DCC_Define>DEBUG;$(DCC_Define)</DCC_Define>
		</PropertyGroup>
		<ItemGroup>
			<DelphiCompile Include="RESTfulDemoCRUD.dpr">
				<MainSource>MainSource</MainSource>
			</DelphiCompile>
			<DCCReference Include="CRUDModuleUnit.pas">
				<Form>CRUDModule</Form>
				<DesignClass>TDataModule</DesignClass>
			</DCCReference>
			<DCCReference Include="WebComponentCRUD.pas"/>
			<DCCReference Include="..\common\ShutdownHelper.pas"/>
			<BuildConfiguration Include="Base">
				<Key>Base</Key>
			</BuildConfiguration>
			<BuildConfiguration Include="Release">
				<Key>Cfg_1</Key>
				<CfgParent>Base</CfgParent>
			</BuildConfiguration>
			<BuildConfiguration Include="Debug">
				<Key>Cfg_2</Key>
				<CfgParent>Base</CfgParent>
			</BuildConfiguration>
		</ItemGroup>
		<Import Project="$(BDS)\Bin\CodeGear.Delphi.Targets" Condition="Exists('$(BDS)\Bin\CodeGear.Delphi.Targets')"/>
		<ProjectExtensions>
			<Borland.Personality>Delphi.Personality.12</Borland.Personality>
			<Borland.ProjectType/>
			<BorlandProject>
				<Delphi.Personality>
					<Parameters>
						<Parameters Name="UseLauncher">False</Parameters>
						<Parameters Name="LoadAllSymbols">True</Parameters>
						<Parameters Name="LoadUnspecifiedSymbols">False</Parameters>
					</Parameters>
					<VersionInfo>
						<VersionInfo Name="IncludeVerInfo">False</VersionInfo>
						<VersionInfo Name="AutoIncBuild">False</VersionInfo>
						<VersionInfo Name="MajorVer">1</VersionInfo>
						<VersionInfo Name="MinorVer">0</VersionInfo>
						<VersionInfo Name="Release">0</VersionInfo>
						<VersionInfo Name="Build">0</VersionInfo>
						<VersionInfo Name="Debug">False</VersionInfo>
						<VersionInfo Name="PreRelease">False</VersionInfo>
						<VersionInfo Name="Special">False</VersionInfo>
						<VersionInfo Name="Private">False</VersionInfo>
						<VersionInfo Name="DLL">False</VersionInfo>
						<VersionInfo Name="Locale">1031</VersionInfo>
						<VersionInfo Name="CodePage">1252</VersionInfo>
					</VersionInfo>
					<VersionInfoKeys>
						<VersionInfoKeys Name="CompanyName"/>
						<VersionInfoKeys Name="FileDescription"/>
						<VersionInfoKeys Name="FileVersion">1.0.0.0</VersionInfoKeys>
						<VersionInfoKeys Name="InternalName"/>
						<VersionInfoKeys Name="LegalCopyright"/>
						<VersionInfoKeys Name="LegalTrademarks"/>
						<VersionInfoKeys Name="OriginalFilename"/>
						<VersionInfoKeys Name="ProductName"/>
						<VersionInfoKeys Name="ProductVersion">1.0.0.0</VersionInfoKeys>
						<VersionInfoKeys Name="Comments"/>
					</VersionInfoKeys>
					<Excluded_Packages>
						<Excluded_Packages Name="C:\Users\Public\Documents\RAD Studio\6.0\Bpl\JvAppFrmDesign120.bpl">JVCL Application and Form Components</Excluded_Packages>
						<Excluded_Packages Name="C:\Users\Public\Documents\RAD Studio\6.0\Bpl\JvBandsDesign120.bpl">JVCL Band Objects</Excluded_Packages>
						<Excluded_Packages Name="C:\Users\Public\Documents\RAD Studio\6.0\Bpl\JvBDEDesign120.bpl">JVCL BDE Components</Excluded_Packages>
						<Excluded_Packages Name="C:\Users\Public\Documents\RAD Studio\6.0\Bpl\JvDBDesign120.bpl">JVCL Database Components</Excluded_Packages>
						<Excluded_Packages Name="C:\Users\Public\Documents\RAD Studio\6.0\Bpl\JvCmpDesign120.bpl">JVCL Non-Visual Components</Excluded_Packages>
						<Excluded_Packages Name="C:\Users\Public\Documents\RAD Studio\6.0\Bpl\JvControlsDesign120.bpl">JVCL Visual Controls</Excluded_Packages>
						<Excluded_Packages Name="C:\Users\Public\Documents\RAD Studio\6.0\Bpl\JvCryptDesign120.bpl">JVCL Encryption and Compression</Excluded_Packages>
						<Excluded_Packages Name="C:\Users\Public\Documents\RAD Studio\6.0\Bpl\JvCustomDesign120.bpl">JVCL Custom Controls</Excluded_Packages>
						<Excluded_Packages Name="C:\Users\Public\Documents\RAD Studio\6.0\Bpl\JvDlgsDesign120.bpl">JVCL Dialog Components</Excluded_Packages>
						<Excluded_Packages Name="C:\Users\Public\Documents\RAD Studio\6.0\Bpl\JvDockingDesign120.bpl">JVCL Docking Components</Excluded_Packages>
						<Excluded_Packages Name="C:\Users\Public\Documents\RAD Studio\6.0\Bpl\JvDotNetCtrlsDesign120.bpl">JVCL DotNet Controls</Excluded_Packages>
						<Excluded_Packages Name="C:\Users\Public\Documents\RAD Studio\6.0\Bpl\JvGlobusDesign120.bpl">JVCL Globus Components</Excluded_Packages>
						<Excluded_Packages Name="C:\Users\Public\Documents\RAD Studio\6.0\Bpl\JvHMIDesign120.bpl">JVCL HMI Controls</Excluded_Packages>
						<Excluded_Packages Name="C:\Users\Public\Documents\RAD Studio\6.0\Bpl\JvJansDesign120.bpl">JVCL Jans Components</Excluded_Packages>
						<Excluded_Packages Name="C:\Users\Public\Documents\RAD Studio\6.0\Bpl\JvManagedThreadsDesign120.bpl">JVCL Managed Threads</Excluded_Packages>
						<Excluded_Packages Name="C:\Users\Public\Documents\RAD Studio\6.0\Bpl\JvMMDesign120.bpl">JVCL Multimedia and Image Components</Excluded_Packages>
						<Excluded_Packages Name="C:\Users\Public\Documents\RAD Studio\6.0\Bpl\JvNetDesign120.bpl">JVCL Network Components</Excluded_Packages>
						<Excluded_Packages Name="C:\Users\Public\Documents\RAD Studio\6.0\Bpl\JvPageCompsDesign120.bpl">JVCL Page Style Components</Excluded_Packages>
						<Excluded_Packages Name="C:\Users\Public\Documents\RAD Studio\6.0\Bpl\JvPascalInterpreterDesign120.bpl">JVCL Interpreter Components</Excluded_Packages>
						<Excluded_Packages Name="C:\Users\Public\Documents\RAD Studio\6.0\Bpl\JvPluginSystemDesign120.bpl">JVCL Plugin Components</Excluded_Packages>
						<Excluded_Packages Name="C:\Users\Public\Documents\RAD Studio\6.0\Bpl\JvPrintPreviewDesign120.bpl">JVCL Print Preview Components</Excluded_Packages>
						<Excluded_Packages Name="C:\Users\Public\Documents\RAD Studio\6.0\Bpl\JvRuntimeDesignDesign120.bpl">JVCL Runtime Design Components</Excluded_Packages>
						<Excluded_Packages Name="C:\Users\Public\Documents\RAD Studio\6.0\Bpl\JvStdCtrlsDesign120.bpl">JVCL Standard Controls</Excluded_Packages>
						<Excluded_Packages Name="C:\Users\Public\Documents\RAD Studio\6.0\Bpl\JvSystemDesign120.bpl">JVCL System Components</Excluded_Packages>
						<Excluded_Packages Name="C:\Users\Public\Documents\RAD Studio\6.0\Bpl\JvTimeFrameworkDesign120.bpl">JVCL Time Framework</Excluded_Packages>
						<Excluded_Packages Name="C:\Users\Public\Documents\RAD Studio\6.0\Bpl\JvWizardsDesign120.bpl">JVCL Wizard</Excluded_Packages>
						<Excluded_Packages Name="C:\Users\Public\Documents\RAD Studio\6.0\Bpl\JvXPCtrlsDesign120.bpl">JVCL XP Controls</Excluded_Packages>
						<Excluded_Packages Name="$(BDS)\bin\dcloffice2k120.bpl">Microsoft Office 2000 Sample Automation Server Wrapper Components</Excluded_Packages>
					</Excluded_Packages>
					<Source>
						<Source Name="MainSource">RESTfulDemoCRUD.dpr</Source>
					</Source>
				</Delphi.Personality>
			</BorlandProject>
			<ProjectFileVersion>12</ProjectFileVersion>
		</ProjectExtensions>
	</Project>
